
Microsoft Visual Studio Solution File, Format Version 12.00
# Visual Studio 15
VisualStudioVersion = 15.0.27130.2027
MinimumVisualStudioVersion = 10.0.40219.1
Project("{FAE04EC0-301F-11D3-BF4B-00C04F79EFBC}") = "Aids", "Open\Aids\Aids.csproj", "{DE32927B-3C55-497A-B102-3818005612C9}"
EndProject
Project("{FAE04EC0-301F-11D3-BF4B-00C04F79EFBC}") = "Core", "Open\Core\Core.csproj", "{9AC2D920-8F38-4CAD-A0D9-B300EDBDE7D3}"
EndProject
Project("{FAE04EC0-301F-11D3-BF4B-00C04F79EFBC}") = "Data", "Open\Data\Data.csproj", "{0E995E3A-D405-47C3-9E25-613645441C95}"
EndProject
Project("{FAE04EC0-301F-11D3-BF4B-00C04F79EFBC}") = "Domain", "Open\Domain\Domain.csproj", "{203640C8-2353-4D86-AC82-78875D269B1C}"
EndProject
Project("{FAE04EC0-301F-11D3-BF4B-00C04F79EFBC}") = "Facade", "Open\Facade\Facade.csproj", "{CA83273C-AE78-447E-A210-7031AF05CBC5}"
EndProject
Project("{9A19103F-16F7-4668-BE54-9A1E7A4F7556}") = "Infra", "Open\Infra\Infra.csproj", "{3524278E-2CA4-47E8-A83A-783B5F59B701}"
EndProject
Project("{9A19103F-16F7-4668-BE54-9A1E7A4F7556}") = "Sentry", "Open\Sentry\Sentry.csproj", "{025AB22B-B283-4D52-BD1D-0E4629EE6D4A}"
EndProject
Project("{9A19103F-16F7-4668-BE54-9A1E7A4F7556}") = "Tests", "Open\Tests\Tests.csproj", "{C2881FA7-A6D2-40E5-9D65-34F8489C7F56}"
EndProject
Global
	GlobalSection(SolutionConfigurationPlatforms) = preSolution
		Debug|Any CPU = Debug|Any CPU
		Release|Any CPU = Release|Any CPU
	EndGlobalSection
	GlobalSection(ProjectConfigurationPlatforms) = postSolution
		{DE32927B-3C55-497A-B102-3818005612C9}.Debug|Any CPU.ActiveCfg = Debug|Any CPU
		{DE32927B-3C55-497A-B102-3818005612C9}.Debug|Any CPU.Build.0 = Debug|Any CPU
		{DE32927B-3C55-497A-B102-3818005612C9}.Release|Any CPU.ActiveCfg = Release|Any CPU
		{DE32927B-3C55-497A-B102-3818005612C9}.Release|Any CPU.Build.0 = Release|Any CPU
		{9AC2D920-8F38-4CAD-A0D9-B300EDBDE7D3}.Debug|Any CPU.ActiveCfg = Debug|Any CPU
		{9AC2D920-8F38-4CAD-A0D9-B300EDBDE7D3}.Debug|Any CPU.Build.0 = Debug|Any CPU
		{9AC2D920-8F38-4CAD-A0D9-B300EDBDE7D3}.Release|Any CPU.ActiveCfg = Release|Any CPU
		{9AC2D920-8F38-4CAD-A0D9-B300EDBDE7D3}.Release|Any CPU.Build.0 = Release|Any CPU
		{0E995E3A-D405-47C3-9E25-613645441C95}.Debug|Any CPU.ActiveCfg = Debug|Any CPU
		{0E995E3A-D405-47C3-9E25-613645441C95}.Debug|Any CPU.Build.0 = Debug|Any CPU
		{0E995E3A-D405-47C3-9E25-613645441C95}.Release|Any CPU.ActiveCfg = Release|Any CPU
		{0E995E3A-D405-47C3-9E25-613645441C95}.Release|Any CPU.Build.0 = Release|Any CPU
		{203640C8-2353-4D86-AC82-78875D269B1C}.Debug|Any CPU.ActiveCfg = Debug|Any CPU
		{203640C8-2353-4D86-AC82-78875D269B1C}.Debug|Any CPU.Build.0 = Debug|Any CPU
		{203640C8-2353-4D86-AC82-78875D269B1C}.Release|Any CPU.ActiveCfg = Release|Any CPU
		{203640C8-2353-4D86-AC82-78875D269B1C}.Release|Any CPU.Build.0 = Release|Any CPU
		{CA83273C-AE78-447E-A210-7031AF05CBC5}.Debug|Any CPU.ActiveCfg = Debug|Any CPU
		{CA83273C-AE78-447E-A210-7031AF05CBC5}.Debug|Any CPU.Build.0 = Debug|Any CPU
		{CA83273C-AE78-447E-A210-7031AF05CBC5}.Release|Any CPU.ActiveCfg = Release|Any CPU
		{CA83273C-AE78-447E-A210-7031AF05CBC5}.Release|Any CPU.Build.0 = Release|Any CPU
		{3524278E-2CA4-47E8-A83A-783B5F59B701}.Debug|Any CPU.ActiveCfg = Debug|Any CPU
		{3524278E-2CA4-47E8-A83A-783B5F59B701}.Debug|Any CPU.Build.0 = Debug|Any CPU
		{3524278E-2CA4-47E8-A83A-783B5F59B701}.Release|Any CPU.ActiveCfg = Release|Any CPU
		{3524278E-2CA4-47E8-A83A-783B5F59B701}.Release|Any CPU.Build.0 = Release|Any CPU
		{025AB22B-B283-4D52-BD1D-0E4629EE6D4A}.Debug|Any CPU.ActiveCfg = Debug|Any CPU
		{025AB22B-B283-4D52-BD1D-0E4629EE6D4A}.Debug|Any CPU.Build.0 = Debug|Any CPU
		{025AB22B-B283-4D52-BD1D-0E4629EE6D4A}.Release|Any CPU.ActiveCfg = Release|Any CPU
		{025AB22B-B283-4D52-BD1D-0E4629EE6D4A}.Release|Any CPU.Build.0 = Release|Any CPU
		{C2881FA7-A6D2-40E5-9D65-34F8489C7F56}.Debug|Any CPU.ActiveCfg = Debug|Any CPU
		{C2881FA7-A6D2-40E5-9D65-34F8489C7F56}.Debug|Any CPU.Build.0 = Debug|Any CPU
		{C2881FA7-A6D2-40E5-9D65-34F8489C7F56}.Release|Any CPU.ActiveCfg = Release|Any CPU
		{C2881FA7-A6D2-40E5-9D65-34F8489C7F56}.Release|Any CPU.Build.0 = Release|Any CPU
	EndGlobalSection
	GlobalSection(SolutionProperties) = preSolution
		HideSolutionNode = FALSE
	EndGlobalSection
	GlobalSection(ExtensibilityGlobals) = postSolution
		SolutionGuid = {965C6DCA-6360-4E57-BBBF-C1D49F38D7DE}
	EndGlobalSection
EndGlobal
